
Microsoft Visual Studio Solution File, Format Version 12.00
# Visual Studio Version 16
VisualStudioVersion = 16.0.33214.272
MinimumVisualStudioVersion = 10.0.40219.1
Project("{FAE04EC0-301F-11D3-BF4B-00C04F79EFBC}") = "vs-2019-github-user-experience", "vs-2019-github-user-experience\vs-2019-github-user-experience.csproj", "{BBA6785E-EE52-4982-8410-A8E1E6059FBB}"
EndProject
Global
	GlobalSection(SolutionConfigurationPlatforms) = preSolution
		Debug|Any CPU = Debug|Any CPU
		Release|Any CPU = Release|Any CPU
	EndGlobalSection
	GlobalSection(ProjectConfigurationPlatforms) = postSolution
		{BBA6785E-EE52-4982-8410-A8E1E6059FBB}.Debug|Any CPU.ActiveCfg = Debug|Any CPU
		{BBA6785E-EE52-4982-8410-A8E1E6059FBB}.Debug|Any CPU.Build.0 = Debug|Any CPU
		{BBA6785E-EE52-4982-8410-A8E1E6059FBB}.Release|Any CPU.ActiveCfg = Release|Any CPU
		{BBA6785E-EE52-4982-8410-A8E1E6059FBB}.Release|Any CPU.Build.0 = Release|Any CPU
	EndGlobalSection
	GlobalSection(SolutionProperties) = preSolution
		HideSolutionNode = FALSE
	EndGlobalSection
	GlobalSection(ExtensibilityGlobals) = postSolution
		SolutionGuid = {F6DB6785-F0C1-4106-ABD2-45409FDC0125}
	EndGlobalSection
EndGlobal
